// !$*UTF8*$!
{
	archiveVersion = 1;
	classes = {
	};
	objectVersion = 56;
	objects = {

/* Begin PBXBuildFile section */
		1139E6F82EDA5CDE00C0673A /* Cleaner_SonnetApp.swift in Sources */ = {isa = PBXBuildFile; fileRef = 1139E6F72EDA5CDE00C0673A /* Cleaner_SonnetApp.swift */; };
		1139E6FA2EDA5CDE00C0673A /* ContentView.swift in Sources */ = {isa = PBXBuildFile; fileRef = 1139E6F92EDA5CDE00C0673A /* ContentView.swift */; };
		1139E6FC2EDA5CE100C0673A /* Assets.xcassets in Resources */ = {isa = PBXBuildFile; fileRef = 1139E6FB2EDA5CE100C0673A /* Assets.xcassets */; };
		1139E6FF2EDA5CE100C0673A /* Preview Assets.xcassets in Resources */ = {isa = PBXBuildFile; fileRef = 1139E6FE2EDA5CE100C0673A /* Preview Assets.xcassets */; };
		1139E7012EDA5CE100C0673A /* Persistence.swift in Sources */ = {isa = PBXBuildFile; fileRef = 1139E7002EDA5CE100C0673A /* Persistence.swift */; };
		1139E7042EDA5CE100C0673A /* Cleaner_Sonnet.xcdatamodeld in Sources */ = {isa = PBXBuildFile; fileRef = 1139E7022EDA5CE100C0673A /* Cleaner_Sonnet.xcdatamodeld */; };
		1139E70E2EDA5CE100C0673A /* Cleaner_SonnetTests.swift in Sources */ = {isa = PBXBuildFile; fileRef = 1139E70D2EDA5CE100C0673A /* Cleaner_SonnetTests.swift */; };
		1139E7182EDA5CE100C0673A /* Cleaner_SonnetUITests.swift in Sources */ = {isa = PBXBuildFile; fileRef = 1139E7172EDA5CE100C0673A /* Cleaner_SonnetUITests.swift */; };
		1139E71A2EDA5CE100C0673A /* Cleaner_SonnetUITestsLaunchTests.swift in Sources */ = {isa = PBXBuildFile; fileRef = 1139E7192EDA5CE100C0673A /* Cleaner_SonnetUITestsLaunchTests.swift */; };
/* End PBXBuildFile section */

/* Begin PBXContainerItemProxy section */
		1139E70A2EDA5CE100C0673A /* PBXContainerItemProxy */ = {
			isa = PBXContainerItemProxy;
			containerPortal = 1139E6EC2EDA5CDE00C0673A /* Project object */;
			proxyType = 1;
			remoteGlobalIDString = 1139E6F32EDA5CDE00C0673A;
			remoteInfo = Cleaner_Sonnet;
		};
		1139E7142EDA5CE100C0673A /* PBXContainerItemProxy */ = {
			isa = PBXContainerItemProxy;
			containerPortal = 1139E6EC2EDA5CDE00C0673A /* Project object */;
			proxyType = 1;
			remoteGlobalIDString = 1139E6F32EDA5CDE00C0673A;
			remoteInfo = Cleaner_Sonnet;
		};
/* End PBXContainerItemProxy section */

/* Begin PBXFileReference section */
		1139E6F42EDA5CDE00C0673A /* Cleaner_Sonnet.app */ = {isa = PBXFileReference; explicitFileType = wrapper.application; includeInIndex = 0; path = Cleaner_Sonnet.app; sourceTree = BUILT_PRODUCTS_DIR; };
		1139E6F72EDA5CDE00C0673A /* Cleaner_SonnetApp.swift */ = {isa = PBXFileReference; lastKnownFileType = sourcecode.swift; path = Cleaner_SonnetApp.swift; sourceTree = "<group>"; };
		1139E6F92EDA5CDE00C0673A /* ContentView.swift */ = {isa = PBXFileReference; lastKnownFileType = sourcecode.swift; path = ContentView.swift; sourceTree = "<group>"; };
		1139E6FB2EDA5CE100C0673A /* Assets.xcassets */ = {isa = PBXFileReference; lastKnownFileType = folder.assetcatalog; path = Assets.xcassets; sourceTree = "<group>"; };
		1139E6FE2EDA5CE100C0673A /* Preview Assets.xcassets */ = {isa = PBXFileReference; lastKnownFileType = folder.assetcatalog; path = "Preview Assets.xcassets"; sourceTree = "<group>"; };
		1139E7002EDA5CE100C0673A /* Persistence.swift */ = {isa = PBXFileReference; lastKnownFileType = sourcecode.swift; path = Persistence.swift; sourceTree = "<group>"; };
		1139E7032EDA5CE100C0673A /* Cleaner_Sonnet.xcdatamodel */ = {isa = PBXFileReference; lastKnownFileType = wrapper.xcdatamodel; path = Cleaner_Sonnet.xcdatamodel; sourceTree = "<group>"; };
		1139E7092EDA5CE100C0673A /* Cleaner_SonnetTests.xctest */ = {isa = PBXFileReference; explicitFileType = wrapper.cfbundle; includeInIndex = 0; path = Cleaner_SonnetTests.xctest; sourceTree = BUILT_PRODUCTS_DIR; };
		1139E70D2EDA5CE100C0673A /* Cleaner_SonnetTests.swift */ = {isa = PBXFileReference; lastKnownFileType = sourcecode.swift; path = Cleaner_SonnetTests.swift; sourceTree = "<group>"; };
		1139E7132EDA5CE100C0673A /* Cleaner_SonnetUITests.xctest */ = {isa = PBXFileReference; explicitFileType = wrapper.cfbundle; includeInIndex = 0; path = Cleaner_SonnetUITests.xctest; sourceTree = BUILT_PRODUCTS_DIR; };
		1139E7172EDA5CE100C0673A /* Cleaner_SonnetUITests.swift */ = {isa = PBXFileReference; lastKnownFileType = sourcecode.swift; path = Cleaner_SonnetUITests.swift; sourceTree = "<group>"; };
		1139E7192EDA5CE100C0673A /* Cleaner_SonnetUITestsLaunchTests.swift */ = {isa = PBXFileReference; lastKnownFileType = sourcecode.swift; path = Cleaner_SonnetUITestsLaunchTests.swift; sourceTree = "<group>"; };
/* End PBXFileReference section */

/* Begin PBXFrameworksBuildPhase section */
		1139E6F12EDA5CDE00C0673A /* Frameworks */ = {
			isa = PBXFrameworksBuildPhase;
			buildActionMask = 2147483647;
			files = (
			);
			runOnlyForDeploymentPostprocessing = 0;
		};
		1139E7062EDA5CE100C0673A /* Frameworks */ = {
			isa = PBXFrameworksBuildPhase;
			buildActionMask = 2147483647;
			files = (
			);
			runOnlyForDeploymentPostprocessing = 0;
		};
		1139E7102EDA5CE100C0673A /* Frameworks */ = {
			isa = PBXFrameworksBuildPhase;
			buildActionMask = 2147483647;
			files = (
			);
			runOnlyForDeploymentPostprocessing = 0;
		};
/* End PBXFrameworksBuildPhase section */

/* Begin PBXGroup section */
		1139E6EB2EDA5CDE00C0673A = {
			isa = PBXGroup;
			children = (
				1139E6F62EDA5CDE00C0673A /* Cleaner_Sonnet */,
				1139E70C2EDA5CE100C0673A /* Cleaner_SonnetTests */,
				1139E7162EDA5CE100C0673A /* Cleaner_SonnetUITests */,
				1139E6F52EDA5CDE00C0673A /* Products */,
			);
			sourceTree = "<group>";
		};
		1139E6F52EDA5CDE00C0673A /* Products */ = {
			isa = PBXGroup;
			children = (
				1139E6F42EDA5CDE00C0673A /* Cleaner_Sonnet.app */,
				1139E7092EDA5CE100C0673A /* Cleaner_SonnetTests.xctest */,
				1139E7132EDA5CE100C0673A /* Cleaner_SonnetUITests.xctest */,
			);
			name = Products;
			sourceTree = "<group>";
		};
		1139E6F62EDA5CDE00C0673A /* Cleaner_Sonnet */ = {
			isa = PBXGroup;
			children = (
				1139E6F72EDA5CDE00C0673A /* Cleaner_SonnetApp.swift */,
				1139E6F92EDA5CDE00C0673A /* ContentView.swift */,
				1139E6FB2EDA5CE100C0673A /* Assets.xcassets */,
				1139E7002EDA5CE100C0673A /* Persistence.swift */,
				1139E7022EDA5CE100C0673A /* Cleaner_Sonnet.xcdatamodeld */,
				1139E6FD2EDA5CE100C0673A /* Preview Content */,
			);
			path = Cleaner_Sonnet;
			sourceTree = "<group>";
		};
		1139E6FD2EDA5CE100C0673A /* Preview Content */ = {
			isa = PBXGroup;
			children = (
				1139E6FE2EDA5CE100C0673A /* Preview Assets.xcassets */,
			);
			path = "Preview Content";
			sourceTree = "<group>";
		};
		1139E70C2EDA5CE100C0673A /* Cleaner_SonnetTests */ = {
			isa = PBXGroup;
			children = (
				1139E70D2EDA5CE100C0673A /* Cleaner_SonnetTests.swift */,
			);
			path = Cleaner_SonnetTests;
			sourceTree = "<group>";
		};
		1139E7162EDA5CE100C0673A /* Cleaner_SonnetUITests */ = {
			isa = PBXGroup;
			children = (
				1139E7172EDA5CE100C0673A /* Cleaner_SonnetUITests.swift */,
				1139E7192EDA5CE100C0673A /* Cleaner_SonnetUITestsLaunchTests.swift */,
			);
			path = Cleaner_SonnetUITests;
			sourceTree = "<group>";
		};
/* End PBXGroup section */

/* Begin PBXNativeTarget section */
		1139E6F32EDA5CDE00C0673A /* Cleaner_Sonnet */ = {
			isa = PBXNativeTarget;
			buildConfigurationList = 1139E71D2EDA5CE100C0673A /* Build configuration list for PBXNativeTarget "Cleaner_Sonnet" */;
			buildPhases = (
				1139E6F02EDA5CDE00C0673A /* Sources */,
				1139E6F12EDA5CDE00C0673A /* Frameworks */,
				1139E6F22EDA5CDE00C0673A /* Resources */,
			);
			buildRules = (
			);
			dependencies = (
			);
			name = Cleaner_Sonnet;
			productName = Cleaner_Sonnet;
			productReference = 1139E6F42EDA5CDE00C0673A /* Cleaner_Sonnet.app */;
			productType = "com.apple.product-type.application";
		};
		1139E7082EDA5CE100C0673A /* Cleaner_SonnetTests */ = {
			isa = PBXNativeTarget;
			buildConfigurationList = 1139E7202EDA5CE100C0673A /* Build configuration list for PBXNativeTarget "Cleaner_SonnetTests" */;
			buildPhases = (
				1139E7052EDA5CE100C0673A /* Sources */,
				1139E7062EDA5CE100C0673A /* Frameworks */,
				1139E7072EDA5CE100C0673A /* Resources */,
			);
			buildRules = (
			);
			dependencies = (
				1139E70B2EDA5CE100C0673A /* PBXTargetDependency */,
			);
			name = Cleaner_SonnetTests;
			productName = Cleaner_SonnetTests;
			productReference = 1139E7092EDA5CE100C0673A /* Cleaner_SonnetTests.xctest */;
			productType = "com.apple.product-type.bundle.unit-test";
		};
		1139E7122EDA5CE100C0673A /* Cleaner_SonnetUITests */ = {
			isa = PBXNativeTarget;
			buildConfigurationList = 1139E7232EDA5CE100C0673A /* Build configuration list for PBXNativeTarget "Cleaner_SonnetUITests" */;
			buildPhases = (
				1139E70F2EDA5CE100C0673A /* Sources */,
				1139E7102EDA5CE100C0673A /* Frameworks */,
				1139E7112EDA5CE100C0673A /* Resources */,
			);
			buildRules = (
			);
			dependencies = (
				1139E7152EDA5CE100C0673A /* PBXTargetDependency */,
			);
			name = Cleaner_SonnetUITests;
			productName = Cleaner_SonnetUITests;
			productReference = 1139E7132EDA5CE100C0673A /* Cleaner_SonnetUITests.xctest */;
			productType = "com.apple.product-type.bundle.ui-testing";
		};
/* End PBXNativeTarget section */

/* Begin PBXProject section */
		1139E6EC2EDA5CDE00C0673A /* Project object */ = {
			isa = PBXProject;
			attributes = {
				BuildIndependentTargetsInParallel = 1;
				LastSwiftUpdateCheck = 1430;
				LastUpgradeCheck = 1430;
				TargetAttributes = {
					1139E6F32EDA5CDE00C0673A = {
						CreatedOnToolsVersion = 14.3.1;
					};
					1139E7082EDA5CE100C0673A = {
						CreatedOnToolsVersion = 14.3.1;
						TestTargetID = 1139E6F32EDA5CDE00C0673A;
					};
					1139E7122EDA5CE100C0673A = {
						CreatedOnToolsVersion = 14.3.1;
						TestTargetID = 1139E6F32EDA5CDE00C0673A;
					};
				};
			};
			buildConfigurationList = 1139E6EF2EDA5CDE00C0673A /* Build configuration list for PBXProject "Cleaner_Sonnet" */;
			compatibilityVersion = "Xcode 14.0";
			developmentRegion = en;
			hasScannedForEncodings = 0;
			knownRegions = (
				en,
				Base,
			);
			mainGroup = 1139E6EB2EDA5CDE00C0673A;
			productRefGroup = 1139E6F52EDA5CDE00C0673A /* Products */;
			projectDirPath = "";
			projectRoot = "";
			targets = (
				1139E6F32EDA5CDE00C0673A /* Cleaner_Sonnet */,
				1139E7082EDA5CE100C0673A /* Cleaner_SonnetTests */,
				1139E7122EDA5CE100C0673A /* Cleaner_SonnetUITests */,
			);
		};
/* End PBXProject section */

/* Begin PBXResourcesBuildPhase section */
		1139E6F22EDA5CDE00C0673A /* Resources */ = {
			isa = PBXResourcesBuildPhase;
			buildActionMask = 2147483647;
			files = (
				1139E6FF2EDA5CE100C0673A /* Preview Assets.xcassets in Resources */,
				1139E6FC2EDA5CE100C0673A /* Assets.xcassets in Resources */,
			);
			runOnlyForDeploymentPostprocessing = 0;
		};
		1139E7072EDA5CE100C0673A /* Resources */ = {
			isa = PBXResourcesBuildPhase;
			buildActionMask = 2147483647;
			files = (
			);
			runOnlyForDeploymentPostprocessing = 0;
		};
		1139E7112EDA5CE100C0673A /* Resources */ = {
			isa = PBXResourcesBuildPhase;
			buildActionMask = 2147483647;
			files = (
			);
			runOnlyForDeploymentPostprocessing = 0;
		};
/* End PBXResourcesBuildPhase section */

/* Begin PBXSourcesBuildPhase section */
		1139E6F02EDA5CDE00C0673A /* Sources */ = {
			isa = PBXSourcesBuildPhase;
			buildActionMask = 2147483647;
			files = (
				1139E7012EDA5CE100C0673A /* Persistence.swift in Sources */,
				1139E6FA2EDA5CDE00C0673A /* ContentView.swift in Sources */,
				1139E6F82EDA5CDE00C0673A /* Cleaner_SonnetApp.swift in Sources */,
				1139E7042EDA5CE100C0673A /* Cleaner_Sonnet.xcdatamodeld in Sources */,
			);
			runOnlyForDeploymentPostprocessing = 0;
		};
		1139E7052EDA5CE100C0673A /* Sources */ = {
			isa = PBXSourcesBuildPhase;
			buildActionMask = 2147483647;
			files = (
				1139E70E2EDA5CE100C0673A /* Cleaner_SonnetTests.swift in Sources */,
			);
			runOnlyForDeploymentPostprocessing = 0;
		};
		1139E70F2EDA5CE100C0673A /* Sources */ = {
			isa = PBXSourcesBuildPhase;
			buildActionMask = 2147483647;
			files = (
				1139E71A2EDA5CE100C0673A /* Cleaner_SonnetUITestsLaunchTests.swift in Sources */,
				1139E7182EDA5CE100C0673A /* Cleaner_SonnetUITests.swift in Sources */,
			);
			runOnlyForDeploymentPostprocessing = 0;
		};
/* End PBXSourcesBuildPhase section */

/* Begin PBXTargetDependency section */
		1139E70B2EDA5CE100C0673A /* PBXTargetDependency */ = {
			isa = PBXTargetDependency;
			target = 1139E6F32EDA5CDE00C0673A /* Cleaner_Sonnet */;
			targetProxy = 1139E70A2EDA5CE100C0673A /* PBXContainerItemProxy */;
		};
		1139E7152EDA5CE100C0673A /* PBXTargetDependency */ = {
			isa = PBXTargetDependency;
			target = 1139E6F32EDA5CDE00C0673A /* Cleaner_Sonnet */;
			targetProxy = 1139E7142EDA5CE100C0673A /* PBXContainerItemProxy */;
		};
/* End PBXTargetDependency section */

/* Begin XCBuildConfiguration section */
		1139E71B2EDA5CE100C0673A /* Debug */ = {
			isa = XCBuildConfiguration;
			buildSettings = {
				ALWAYS_SEARCH_USER_PATHS = NO;
				CLANG_ANALYZER_NONNULL = YES;
				CLANG_ANALYZER_NUMBER_OBJECT_CONVERSION = YES_AGGRESSIVE;
				CLANG_CXX_LANGUAGE_STANDARD = "gnu++20";
				CLANG_ENABLE_MODULES = YES;
				CLANG_ENABLE_OBJC_ARC = YES;
				CLANG_ENABLE_OBJC_WEAK = YES;
				CLANG_WARN_BLOCK_CAPTURE_AUTORELEASING = YES;
				CLANG_WARN_BOOL_CONVERSION = YES;
				CLANG_WARN_COMMA = YES;
				CLANG_WARN_CONSTANT_CONVERSION = YES;
				CLANG_WARN_DEPRECATED_OBJC_IMPLEMENTATIONS = YES;
				CLANG_WARN_DIRECT_OBJC_ISA_USAGE = YES_ERROR;
				CLANG_WARN_DOCUMENTATION_COMMENTS = YES;
				CLANG_WARN_EMPTY_BODY = YES;
				CLANG_WARN_ENUM_CONVERSION = YES;
				CLANG_WARN_INFINITE_RECURSION = YES;
				CLANG_WARN_INT_CONVERSION = YES;
				CLANG_WARN_NON_LITERAL_NULL_CONVERSION = YES;
				CLANG_WARN_OBJC_IMPLICIT_RETAIN_SELF = YES;
				CLANG_WARN_OBJC_LITERAL_CONVERSION = YES;
				CLANG_WARN_OBJC_ROOT_CLASS = YES_ERROR;
				CLANG_WARN_QUOTED_INCLUDE_IN_FRAMEWORK_HEADER = YES;
				CLANG_WARN_RANGE_LOOP_ANALYSIS = YES;
				CLANG_WARN_STRICT_PROTOTYPES = YES;
				CLANG_WARN_SUSPICIOUS_MOVE = YES;
				CLANG_WARN_UNGUARDED_AVAILABILITY = YES_AGGRESSIVE;
				CLANG_WARN_UNREACHABLE_CODE = YES;
				CLANG_WARN__DUPLICATE_METHOD_MATCH = YES;
				COPY_PHASE_STRIP = NO;
				DEBUG_INFORMATION_FORMAT = dwarf;
				ENABLE_STRICT_OBJC_MSGSEND = YES;
				ENABLE_TESTABILITY = YES;
				GCC_C_LANGUAGE_STANDARD = gnu11;
				GCC_DYNAMIC_NO_PIC = NO;
				GCC_NO_COMMON_BLOCKS = YES;
				GCC_OPTIMIZATION_LEVEL = 0;
				GCC_PREPROCESSOR_DEFINITIONS = (
					"DEBUG=1",
					"$(inherited)",
				);
				GCC_WARN_64_TO_32_BIT_CONVERSION = YES;
				GCC_WARN_ABOUT_RETURN_TYPE = YES_ERROR;
				GCC_WARN_UNDECLARED_SELECTOR = YES;
				GCC_WARN_UNINITIALIZED_AUTOS = YES_AGGRESSIVE;
				GCC_WARN_UNUSED_FUNCTION = YES;
				GCC_WARN_UNUSED_VARIABLE = YES;
				IPHONEOS_DEPLOYMENT_TARGET = 16.4;
				MTL_ENABLE_DEBUG_INFO = INCLUDE_SOURCE;
				MTL_FAST_MATH = YES;
				ONLY_ACTIVE_ARCH = YES;
				SDKROOT = iphoneos;
				SWIFT_ACTIVE_COMPILATION_CONDITIONS = DEBUG;
				SWIFT_OPTIMIZATION_LEVEL = "-Onone";
			};
			name = Debug;
		};
		1139E71C2EDA5CE100C0673A /* Release */ = {
			isa = XCBuildConfiguration;
			buildSettings = {
				ALWAYS_SEARCH_USER_PATHS = NO;
				CLANG_ANALYZER_NONNULL = YES;
				CLANG_ANALYZER_NUMBER_OBJECT_CONVERSION = YES_AGGRESSIVE;
				CLANG_CXX_LANGUAGE_STANDARD = "gnu++20";
				CLANG_ENABLE_MODULES = YES;
				CLANG_ENABLE_OBJC_ARC = YES;
				CLANG_ENABLE_OBJC_WEAK = YES;
				CLANG_WARN_BLOCK_CAPTURE_AUTORELEASING = YES;
				CLANG_WARN_BOOL_CONVERSION = YES;
				CLANG_WARN_COMMA = YES;
				CLANG_WARN_CONSTANT_CONVERSION = YES;
				CLANG_WARN_DEPRECATED_OBJC_IMPLEMENTATIONS = YES;
				CLANG_WARN_DIRECT_OBJC_ISA_USAGE = YES_ERROR;
				CLANG_WARN_DOCUMENTATION_COMMENTS = YES;
				CLANG_WARN_EMPTY_BODY = YES;
				CLANG_WARN_ENUM_CONVERSION = YES;
				CLANG_WARN_INFINITE_RECURSION = YES;
				CLANG_WARN_INT_CONVERSION = YES;
				CLANG_WARN_NON_LITERAL_NULL_CONVERSION = YES;
				CLANG_WARN_OBJC_IMPLICIT_RETAIN_SELF = YES;
				CLANG_WARN_OBJC_LITERAL_CONVERSION = YES;
				CLANG_WARN_OBJC_ROOT_CLASS = YES_ERROR;
				CLANG_WARN_QUOTED_INCLUDE_IN_FRAMEWORK_HEADER = YES;
				CLANG_WARN_RANGE_LOOP_ANALYSIS = YES;
				CLANG_WARN_STRICT_PROTOTYPES = YES;
				CLANG_WARN_SUSPICIOUS_MOVE = YES;
				CLANG_WARN_UNGUARDED_AVAILABILITY = YES_AGGRESSIVE;
				CLANG_WARN_UNREACHABLE_CODE = YES;
				CLANG_WARN__DUPLICATE_METHOD_MATCH = YES;
				COPY_PHASE_STRIP = NO;
				DEBUG_INFORMATION_FORMAT = "dwarf-with-dsym";
				ENABLE_NS_ASSERTIONS = NO;
				ENABLE_STRICT_OBJC_MSGSEND = YES;
				GCC_C_LANGUAGE_STANDARD = gnu11;
				GCC_NO_COMMON_BLOCKS = YES;
				GCC_WARN_64_TO_32_BIT_CONVERSION = YES;
				GCC_WARN_ABOUT_RETURN_TYPE = YES_ERROR;
				GCC_WARN_UNDECLARED_SELECTOR = YES;
				GCC_WARN_UNINITIALIZED_AUTOS = YES_AGGRESSIVE;
				GCC_WARN_UNUSED_FUNCTION = YES;
				GCC_WARN_UNUSED_VARIABLE = YES;
				IPHONEOS_DEPLOYMENT_TARGET = 16.4;
				MTL_ENABLE_DEBUG_INFO = NO;
				MTL_FAST_MATH = YES;
				SDKROOT = iphoneos;
				SWIFT_COMPILATION_MODE = wholemodule;
				SWIFT_OPTIMIZATION_LEVEL = "-O";
				VALIDATE_PRODUCT = YES;
			};
			name = Release;
		};
		1139E71E2EDA5CE100C0673A /* Debug */ = {
			isa = XCBuildConfiguration;
			buildSettings = {
				ASSETCATALOG_COMPILER_APPICON_NAME = AppIcon;
				ASSETCATALOG_COMPILER_GLOBAL_ACCENT_COLOR_NAME = AccentColor;
				CODE_SIGN_STYLE = Automatic;
				CURRENT_PROJECT_VERSION = 1;
				DEVELOPMENT_ASSET_PATHS = "\"Cleaner_Sonnet/Preview Content\"";
				DEVELOPMENT_TEAM = CZPS8FB75D;
				ENABLE_PREVIEWS = YES;
				GENERATE_INFOPLIST_FILE = YES;
				INFOPLIST_KEY_UIApplicationSceneManifest_Generation = YES;
				INFOPLIST_KEY_UIApplicationSupportsIndirectInputEvents = YES;
				INFOPLIST_KEY_UILaunchScreen_Generation = YES;
				INFOPLIST_KEY_UISupportedInterfaceOrientations_iPad = "UIInterfaceOrientationPortrait UIInterfaceOrientationPortraitUpsideDown UIInterfaceOrientationLandscapeLeft UIInterfaceOrientationLandscapeRight";
				INFOPLIST_KEY_UISupportedInterfaceOrientations_iPhone = "UIInterfaceOrientationPortrait UIInterfaceOrientationLandscapeLeft UIInterfaceOrientationLandscapeRight";
				LD_RUNPATH_SEARCH_PATHS = (
					"$(inherited)",
					"@executable_path/Frameworks",
				);
				MARKETING_VERSION = 1.0;
				PRODUCT_BUNDLE_IDENTIFIER = "nikita.k.Cleaner-Sonnet";
				PRODUCT_NAME = "$(TARGET_NAME)";
				SWIFT_EMIT_LOC_STRINGS = YES;
				SWIFT_VERSION = 5.0;
				TARGETED_DEVICE_FAMILY = "1,2";
			};
			name = Debug;
		};
		1139E71F2EDA5CE100C0673A /* Release */ = {
			isa = XCBuildConfiguration;
			buildSettings = {
				ASSETCATALOG_COMPILER_APPICON_NAME = AppIcon;
				ASSETCATALOG_COMPILER_GLOBAL_ACCENT_COLOR_NAME = AccentColor;
				CODE_SIGN_STYLE = Automatic;
				CURRENT_PROJECT_VERSION = 1;
				DEVELOPMENT_ASSET_PATHS = "\"Cleaner_Sonnet/Preview Content\"";
				DEVELOPMENT_TEAM = CZPS8FB75D;
				ENABLE_PREVIEWS = YES;
				GENERATE_INFOPLIST_FILE = YES;
				INFOPLIST_KEY_UIApplicationSceneManifest_Generation = YES;
				INFOPLIST_KEY_UIApplicationSupportsIndirectInputEvents = YES;
				INFOPLIST_KEY_UILaunchScreen_Generation = YES;
				INFOPLIST_KEY_UISupportedInterfaceOrientations_iPad = "UIInterfaceOrientationPortrait UIInterfaceOrientationPortraitUpsideDown UIInterfaceOrientationLandscapeLeft UIInterfaceOrientationLandscapeRight";
				INFOPLIST_KEY_UISupportedInterfaceOrientations_iPhone = "UIInterfaceOrientationPortrait UIInterfaceOrientationLandscapeLeft UIInterfaceOrientationLandscapeRight";
				LD_RUNPATH_SEARCH_PATHS = (
					"$(inherited)",
					"@executable_path/Frameworks",
				);
				MARKETING_VERSION = 1.0;
				PRODUCT_BUNDLE_IDENTIFIER = "nikita.k.Cleaner-Sonnet";
				PRODUCT_NAME = "$(TARGET_NAME)";
				SWIFT_EMIT_LOC_STRINGS = YES;
				SWIFT_VERSION = 5.0;
				TARGETED_DEVICE_FAMILY = "1,2";
			};
			name = Release;
		};
		1139E7212EDA5CE100C0673A /* Debug */ = {
			isa = XCBuildConfiguration;
			buildSettings = {
				ALWAYS_EMBED_SWIFT_STANDARD_LIBRARIES = YES;
				BUNDLE_LOADER = "$(TEST_HOST)";
				CODE_SIGN_STYLE = Automatic;
				CURRENT_PROJECT_VERSION = 1;
				DEVELOPMENT_TEAM = CZPS8FB75D;
				GENERATE_INFOPLIST_FILE = YES;
				IPHONEOS_DEPLOYMENT_TARGET = 16.4;
				MARKETING_VERSION = 1.0;
				PRODUCT_BUNDLE_IDENTIFIER = "nikita.k.Cleaner-SonnetTests";
				PRODUCT_NAME = "$(TARGET_NAME)";
				SWIFT_EMIT_LOC_STRINGS = NO;
				SWIFT_VERSION = 5.0;
				TARGETED_DEVICE_FAMILY = "1,2";
				TEST_HOST = "$(BUILT_PRODUCTS_DIR)/Cleaner_Sonnet.app/$(BUNDLE_EXECUTABLE_FOLDER_PATH)/Cleaner_Sonnet";
			};
			name = Debug;
		};
		1139E7222EDA5CE100C0673A /* Release */ = {
			isa = XCBuildConfiguration;
			buildSettings = {
				ALWAYS_EMBED_SWIFT_STANDARD_LIBRARIES = YES;
				BUNDLE_LOADER = "$(TEST_HOST)";
				CODE_SIGN_STYLE = Automatic;
				CURRENT_PROJECT_VERSION = 1;
				DEVELOPMENT_TEAM = CZPS8FB75D;
				GENERATE_INFOPLIST_FILE = YES;
				IPHONEOS_DEPLOYMENT_TARGET = 16.4;
				MARKETING_VERSION = 1.0;
				PRODUCT_BUNDLE_IDENTIFIER = "nikita.k.Cleaner-SonnetTests";
				PRODUCT_NAME = "$(TARGET_NAME)";
				SWIFT_EMIT_LOC_STRINGS = NO;
				SWIFT_VERSION = 5.0;
				TARGETED_DEVICE_FAMILY = "1,2";
				TEST_HOST = "$(BUILT_PRODUCTS_DIR)/Cleaner_Sonnet.app/$(BUNDLE_EXECUTABLE_FOLDER_PATH)/Cleaner_Sonnet";
			};
			name = Release;
		};
		1139E7242EDA5CE100C0673A /* Debug */ = {
			isa = XCBuildConfiguration;
			buildSettings = {
				ALWAYS_EMBED_SWIFT_STANDARD_LIBRARIES = YES;
				CODE_SIGN_STYLE = Automatic;
				CURRENT_PROJECT_VERSION = 1;
				DEVELOPMENT_TEAM = CZPS8FB75D;
				GENERATE_INFOPLIST_FILE = YES;
				MARKETING_VERSION = 1.0;
				PRODUCT_BUNDLE_IDENTIFIER = "nikita.k.Cleaner-SonnetUITests";
				PRODUCT_NAME = "$(TARGET_NAME)";
				SWIFT_EMIT_LOC_STRINGS = NO;
				SWIFT_VERSION = 5.0;
				TARGETED_DEVICE_FAMILY = "1,2";
				TEST_TARGET_NAME = Cleaner_Sonnet;
			};
			name = Debug;
		};
		1139E7252EDA5CE100C0673A /* Release */ = {
			isa = XCBuildConfiguration;
			buildSettings = {
				ALWAYS_EMBED_SWIFT_STANDARD_LIBRARIES = YES;
				CODE_SIGN_STYLE = Automatic;
				CURRENT_PROJECT_VERSION = 1;
				DEVELOPMENT_TEAM = CZPS8FB75D;
				GENERATE_INFOPLIST_FILE = YES;
				MARKETING_VERSION = 1.0;
				PRODUCT_BUNDLE_IDENTIFIER = "nikita.k.Cleaner-SonnetUITests";
				PRODUCT_NAME = "$(TARGET_NAME)";
				SWIFT_EMIT_LOC_STRINGS = NO;
				SWIFT_VERSION = 5.0;
				TARGETED_DEVICE_FAMILY = "1,2";
				TEST_TARGET_NAME = Cleaner_Sonnet;
			};
			name = Release;
		};
/* End XCBuildConfiguration section */

/* Begin XCConfigurationList section */
		1139E6EF2EDA5CDE00C0673A /* Build configuration list for PBXProject "Cleaner_Sonnet" */ = {
			isa = XCConfigurationList;
			buildConfigurations = (
				1139E71B2EDA5CE100C0673A /* Debug */,
				1139E71C2EDA5CE100C0673A /* Release */,
			);
			defaultConfigurationIsVisible = 0;
			defaultConfigurationName = Release;
		};
		1139E71D2EDA5CE100C0673A /* Build configuration list for PBXNativeTarget "Cleaner_Sonnet" */ = {
			isa = XCConfigurationList;
			buildConfigurations = (
				1139E71E2EDA5CE100C0673A /* Debug */,
				1139E71F2EDA5CE100C0673A /* Release */,
			);
			defaultConfigurationIsVisible = 0;
			defaultConfigurationName = Release;
		};
		1139E7202EDA5CE100C0673A /* Build configuration list for PBXNativeTarget "Cleaner_SonnetTests" */ = {
			isa = XCConfigurationList;
			buildConfigurations = (
				1139E7212EDA5CE100C0673A /* Debug */,
				1139E7222EDA5CE100C0673A /* Release */,
			);
			defaultConfigurationIsVisible = 0;
			defaultConfigurationName = Release;
		};
		1139E7232EDA5CE100C0673A /* Build configuration list for PBXNativeTarget "Cleaner_SonnetUITests" */ = {
			isa = XCConfigurationList;
			buildConfigurations = (
				1139E7242EDA5CE100C0673A /* Debug */,
				1139E7252EDA5CE100C0673A /* Release */,
			);
			defaultConfigurationIsVisible = 0;
			defaultConfigurationName = Release;
		};
/* End XCConfigurationList section */

/* Begin XCVersionGroup section */
		1139E7022EDA5CE100C0673A /* Cleaner_Sonnet.xcdatamodeld */ = {
			isa = XCVersionGroup;
			children = (
				1139E7032EDA5CE100C0673A /* Cleaner_Sonnet.xcdatamodel */,
			);
			currentVersion = 1139E7032EDA5CE100C0673A /* Cleaner_Sonnet.xcdatamodel */;
			path = Cleaner_Sonnet.xcdatamodeld;
			sourceTree = "<group>";
			versionGroupType = wrapper.xcdatamodel;
		};
/* End XCVersionGroup section */
	};
	rootObject = 1139E6EC2EDA5CDE00C0673A /* Project object */;
}
